
Microsoft Visual Studio Solution File, Format Version 12.00
# Visual Studio Version 17
VisualStudioVersion = 17.4.33110.190
MinimumVisualStudioVersion = 10.0.40219.1
Project("{FAE04EC0-301F-11D3-BF4B-00C04F79EFBC}") = "Hospital_v.2", "Hospital_v.2.csproj", "{DEC59A1F-9A56-432E-B19C-4EE99680F00E}"
EndProject
Global
	GlobalSection(SolutionConfigurationPlatforms) = preSolution
		Debug|Any CPU = Debug|Any CPU
		Release|Any CPU = Release|Any CPU
	EndGlobalSection
	GlobalSection(ProjectConfigurationPlatforms) = postSolution
		{DEC59A1F-9A56-432E-B19C-4EE99680F00E}.Debug|Any CPU.ActiveCfg = Debug|Any CPU
		{DEC59A1F-9A56-432E-B19C-4EE99680F00E}.Debug|Any CPU.Build.0 = Debug|Any CPU
		{DEC59A1F-9A56-432E-B19C-4EE99680F00E}.Release|Any CPU.ActiveCfg = Release|Any CPU
		{DEC59A1F-9A56-432E-B19C-4EE99680F00E}.Release|Any CPU.Build.0 = Release|Any CPU
	EndGlobalSection
	GlobalSection(SolutionProperties) = preSolution
		HideSolutionNode = FALSE
	EndGlobalSection
	GlobalSection(ExtensibilityGlobals) = postSolution
		SolutionGuid = {C292D6A6-45ED-4265-BF89-830D83A275BA}
	EndGlobalSection
EndGlobal
